// !$*UTF8*$!
{
	archiveVersion = 1;
	classes = {
	};
	objectVersion = 46;
	objects = {

/* Begin PBXBuildFile section */
		65EE0D631D2B970900C0B44F /* main.m in Sources */ = {isa = PBXBuildFile; fileRef = 65EE0D621D2B970900C0B44F /* main.m */; };
		65EE0D661D2B970900C0B44F /* AppDelegate.m in Sources */ = {isa = PBXBuildFile; fileRef = 65EE0D651D2B970900C0B44F /* AppDelegate.m */; };
		65EE0D691D2B970900C0B44F /* ViewController.m in Sources */ = {isa = PBXBuildFile; fileRef = 65EE0D681D2B970900C0B44F /* ViewController.m */; };
		65EE0D6C1D2B970900C0B44F /* Main.storyboard in Resources */ = {isa = PBXBuildFile; fileRef = 65EE0D6A1D2B970900C0B44F /* Main.storyboard */; };
		65EE0D6E1D2B970900C0B44F /* Assets.xcassets in Resources */ = {isa = PBXBuildFile; fileRef = 65EE0D6D1D2B970900C0B44F /* Assets.xcassets */; };
		65EE0D711D2B970900C0B44F /* LaunchScreen.storyboard in Resources */ = {isa = PBXBuildFile; fileRef = 65EE0D6F1D2B970900C0B44F /* LaunchScreen.storyboard */; };
/* End PBXBuildFile section */

/* Begin PBXFileReference section */
		65EE0D5E1D2B970900C0B44F /* CyyProduct.app */ = {isa = PBXFileReference; explicitFileType = wrapper.application; includeInIndex = 0; path = CyyProduct.app; sourceTree = BUILT_PRODUCTS_DIR; };
		65EE0D621D2B970900C0B44F /* main.m */ = {isa = PBXFileReference; lastKnownFileType = sourcecode.c.objc; path = main.m; sourceTree = "<group>"; };
		65EE0D641D2B970900C0B44F /* AppDelegate.h */ = {isa = PBXFileReference; lastKnownFileType = sourcecode.c.h; path = AppDelegate.h; sourceTree = "<group>"; };
		65EE0D651D2B970900C0B44F /* AppDelegate.m */ = {isa = PBXFileReference; lastKnownFileType = sourcecode.c.objc; path = AppDelegate.m; sourceTree = "<group>"; };
		65EE0D671D2B970900C0B44F /* ViewController.h */ = {isa = PBXFileReference; lastKnownFileType = sourcecode.c.h; path = ViewController.h; sourceTree = "<group>"; };
		65EE0D681D2B970900C0B44F /* ViewController.m */ = {isa = PBXFileReference; lastKnownFileType = sourcecode.c.objc; path = ViewController.m; sourceTree = "<group>"; };
		65EE0D6B1D2B970900C0B44F /* Base */ = {isa = PBXFileReference; lastKnownFileType = file.storyboard; name = Base; path = Base.lproj/Main.storyboard; sourceTree = "<group>"; };
		65EE0D6D1D2B970900C0B44F /* Assets.xcassets */ = {isa = PBXFileReference; lastKnownFileType = folder.assetcatalog; path = Assets.xcassets; sourceTree = "<group>"; };
		65EE0D701D2B970900C0B44F /* Base */ = {isa = PBXFileReference; lastKnownFileType = file.storyboard; name = Base; path = Base.lproj/LaunchScreen.storyboard; sourceTree = "<group>"; };
		65EE0D721D2B970900C0B44F /* Info.plist */ = {isa = PBXFileReference; lastKnownFileType = text.plist.xml; path = Info.plist; sourceTree = "<group>"; };
/* End PBXFileReference section */

/* Begin PBXFrameworksBuildPhase section */
		65EE0D5B1D2B970900C0B44F /* Frameworks */ = {
			isa = PBXFrameworksBuildPhase;
			buildActionMask = 2147483647;
			files = (
			);
			runOnlyForDeploymentPostprocessing = 0;
		};
/* End PBXFrameworksBuildPhase section */

/* Begin PBXGroup section */
		65EE0D551D2B970900C0B44F = {
			isa = PBXGroup;
			children = (
				65EE0D601D2B970900C0B44F /* CyyProduct */,
				65EE0D5F1D2B970900C0B44F /* Products */,
			);
			sourceTree = "<group>";
		};
		65EE0D5F1D2B970900C0B44F /* Products */ = {
			isa = PBXGroup;
			children = (
				65EE0D5E1D2B970900C0B44F /* CyyProduct.app */,
			);
			name = Products;
			sourceTree = "<group>";
		};
		65EE0D601D2B970900C0B44F /* CyyProduct */ = {
			isa = PBXGroup;
			children = (
				65EE0D641D2B970900C0B44F /* AppDelegate.h */,
				65EE0D651D2B970900C0B44F /* AppDelegate.m */,
				65EE0D671D2B970900C0B44F /* ViewController.h */,
				65EE0D681D2B970900C0B44F /* ViewController.m */,
				65EE0D6A1D2B970900C0B44F /* Main.storyboard */,
				65EE0D6D1D2B970900C0B44F /* Assets.xcassets */,
				65EE0D6F1D2B970900C0B44F /* LaunchScreen.storyboard */,
				65EE0D721D2B970900C0B44F /* Info.plist */,
				65EE0D611D2B970900C0B44F /* Supporting Files */,
			);
			path = CyyProduct;
			sourceTree = "<group>";
		};
		65EE0D611D2B970900C0B44F /* Supporting Files */ = {
			isa = PBXGroup;
			children = (
				65EE0D621D2B970900C0B44F /* main.m */,
			);
			name = "Supporting Files";
			sourceTree = "<group>";
		};
/* End PBXGroup section */

/* Begin PBXNativeTarget section */
		65EE0D5D1D2B970900C0B44F /* CyyProduct */ = {
			isa = PBXNativeTarget;
			buildConfigurationList = 65EE0D751D2B970900C0B44F /* Build configuration list for PBXNativeTarget "CyyProduct" */;
			buildPhases = (
				65EE0D5A1D2B970900C0B44F /* Sources */,
				65EE0D5B1D2B970900C0B44F /* Frameworks */,
				65EE0D5C1D2B970900C0B44F /* Resources */,
			);
			buildRules = (
			);
			dependencies = (
			);
			name = CyyProduct;
			productName = CyyProduct;
			productReference = 65EE0D5E1D2B970900C0B44F /* CyyProduct.app */;
			productType = "com.apple.product-type.application";
		};
/* End PBXNativeTarget section */

/* Begin PBXProject section */
		65EE0D561D2B970900C0B44F /* Project object */ = {
			isa = PBXProject;
			attributes = {
				LastUpgradeCheck = 0730;
				ORGANIZATIONNAME = Tommy;
				TargetAttributes = {
					65EE0D5D1D2B970900C0B44F = {
						CreatedOnToolsVersion = 7.3.1;
					};
				};
			};
			buildConfigurationList = 65EE0D591D2B970900C0B44F /* Build configuration list for PBXProject "CyyProduct" */;
			compatibilityVersion = "Xcode 3.2";
			developmentRegion = English;
			hasScannedForEncodings = 0;
			knownRegions = (
				en,
				Base,
			);
			mainGroup = 65EE0D551D2B970900C0B44F;
			productRefGroup = 65EE0D5F1D2B970900C0B44F /* Products */;
			projectDirPath = "";
			projectRoot = "";
			targets = (
				65EE0D5D1D2B970900C0B44F /* CyyProduct */,
			);
		};
/* End PBXProject section */

/* Begin PBXResourcesBuildPhase section */
		65EE0D5C1D2B970900C0B44F /* Resources */ = {
			isa = PBXResourcesBuildPhase;
			buildActionMask = 2147483647;
			files = (
				65EE0D711D2B970900C0B44F /* LaunchScreen.storyboard in Resources */,
				65EE0D6E1D2B970900C0B44F /* Assets.xcassets in Resources */,
				65EE0D6C1D2B970900C0B44F /* Main.storyboard in Resources */,
			);
			runOnlyForDeploymentPostprocessing = 0;
		};
/* End PBXResourcesBuildPhase section */

/* Begin PBXSourcesBuildPhase section */
		65EE0D5A1D2B970900C0B44F /* Sources */ = {
			isa = PBXSourcesBuildPhase;
			buildActionMask = 2147483647;
			files = (
				65EE0D691D2B970900C0B44F /* ViewController.m in Sources */,
				65EE0D661D2B970900C0B44F /* AppDelegate.m in Sources */,
				65EE0D631D2B970900C0B44F /* main.m in Sources */,
			);
			runOnlyForDeploymentPostprocessing = 0;
		};
/* End PBXSourcesBuildPhase section */

/* Begin PBXVariantGroup section */
		65EE0D6A1D2B970900C0B44F /* Main.storyboard */ = {
			isa = PBXVariantGroup;
			children = (
				65EE0D6B1D2B970900C0B44F /* Base */,
			);
			name = Main.storyboard;
			sourceTree = "<group>";
		};
		65EE0D6F1D2B970900C0B44F /* LaunchScreen.storyboard */ = {
			isa = PBXVariantGroup;
			children = (
				65EE0D701D2B970900C0B44F /* Base */,
			);
			name = LaunchScreen.storyboard;
			sourceTree = "<group>";
		};
/* End PBXVariantGroup section */

/* Begin XCBuildConfiguration section */
		65EE0D731D2B970900C0B44F /* Debug */ = {
			isa = XCBuildConfiguration;
			buildSettings = {
				ALWAYS_SEARCH_USER_PATHS = NO;
				CLANG_ANALYZER_NONNULL = YES;
				CLANG_CXX_LANGUAGE_STANDARD = "gnu++0x";
				CLANG_CXX_LIBRARY = "libc++";
				CLANG_ENABLE_MODULES = YES;
				CLANG_ENABLE_OBJC_ARC = YES;
				CLANG_WARN_BOOL_CONVERSION = YES;
				CLANG_WARN_CONSTANT_CONVERSION = YES;
				CLANG_WARN_DIRECT_OBJC_ISA_USAGE = YES_ERROR;
				CLANG_WARN_EMPTY_BODY = YES;
				CLANG_WARN_ENUM_CONVERSION = YES;
				CLANG_WARN_INT_CONVERSION = YES;
				CLANG_WARN_OBJC_ROOT_CLASS = YES_ERROR;
				CLANG_WARN_UNREACHABLE_CODE = YES;
				CLANG_WARN__DUPLICATE_METHOD_MATCH = YES;
				"CODE_SIGN_IDENTITY[sdk=iphoneos*]" = "iPhone Developer";
				COPY_PHASE_STRIP = NO;
				DEBUG_INFORMATION_FORMAT = dwarf;
				ENABLE_STRICT_OBJC_MSGSEND = YES;
				ENABLE_TESTABILITY = YES;
				GCC_C_LANGUAGE_STANDARD = gnu99;
				GCC_DYNAMIC_NO_PIC = NO;
				GCC_NO_COMMON_BLOCKS = YES;
				GCC_OPTIMIZATION_LEVEL = 0;
				GCC_PREPROCESSOR_DEFINITIONS = (
					"DEBUG=1",
					"$(inherited)",
				);
				GCC_WARN_64_TO_32_BIT_CONVERSION = YES;
				GCC_WARN_ABOUT_RETURN_TYPE = YES_ERROR;
				GCC_WARN_UNDECLARED_SELECTOR = YES;
				GCC_WARN_UNINITIALIZED_AUTOS = YES_AGGRESSIVE;
				GCC_WARN_UNUSED_FUNCTION = YES;
				GCC_WARN_UNUSED_VARIABLE = YES;
				IPHONEOS_DEPLOYMENT_TARGET = 9.3;
				MTL_ENABLE_DEBUG_INFO = YES;
				ONLY_ACTIVE_ARCH = YES;
				SDKROOT = iphoneos;
				TARGETED_DEVICE_FAMILY = "1,2";
			};
			name = Debug;
		};
		65EE0D741D2B970900C0B44F /* Release */ = {
			isa = XCBuildConfiguration;
			buildSettings = {
				ALWAYS_SEARCH_USER_PATHS = NO;
				CLANG_ANALYZER_NONNULL = YES;
				CLANG_CXX_LANGUAGE_STANDARD = "gnu++0x";
				CLANG_CXX_LIBRARY = "libc++";
				CLANG_ENABLE_MODULES = YES;
				CLANG_ENABLE_OBJC_ARC = YES;
				CLANG_WARN_BOOL_CONVERSION = YES;
				CLANG_WARN_CONSTANT_CONVERSION = YES;
				CLANG_WARN_DIRECT_OBJC_ISA_USAGE = YES_ERROR;
				CLANG_WARN_EMPTY_BODY = YES;
				CLANG_WARN_ENUM_CONVERSION = YES;
				CLANG_WARN_INT_CONVERSION = YES;
				CLANG_WARN_OBJC_ROOT_CLASS = YES_ERROR;
				CLANG_WARN_UNREACHABLE_CODE = YES;
				CLANG_WARN__DUPLICATE_METHOD_MATCH = YES;
				"CODE_SIGN_IDENTITY[sdk=iphoneos*]" = "iPhone Developer";
				COPY_PHASE_STRIP = NO;
				DEBUG_INFORMATION_FORMAT = "dwarf-with-dsym";
				ENABLE_NS_ASSERTIONS = NO;
				ENABLE_STRICT_OBJC_MSGSEND = YES;
				GCC_C_LANGUAGE_STANDARD = gnu99;
				GCC_NO_COMMON_BLOCKS = YES;
				GCC_WARN_64_TO_32_BIT_CONVERSION = YES;
				GCC_WARN_ABOUT_RETURN_TYPE = YES_ERROR;
				GCC_WARN_UNDECLARED_SELECTOR = YES;
				GCC_WARN_UNINITIALIZED_AUTOS = YES_AGGRESSIVE;
				GCC_WARN_UNUSED_FUNCTION = YES;
				GCC_WARN_UNUSED_VARIABLE = YES;
				IPHONEOS_DEPLOYMENT_TARGET = 9.3;
				MTL_ENABLE_DEBUG_INFO = NO;
				SDKROOT = iphoneos;
				TARGETED_DEVICE_FAMILY = "1,2";
				VALIDATE_PRODUCT = YES;
			};
			name = Release;
		};
		65EE0D761D2B970900C0B44F /* Debug */ = {
			isa = XCBuildConfiguration;
			buildSettings = {
				ASSETCATALOG_COMPILER_APPICON_NAME = AppIcon;
				INFOPLIST_FILE = CyyProduct/Info.plist;
				LD_RUNPATH_SEARCH_PATHS = "$(inherited) @executable_path/Frameworks";
				PRODUCT_BUNDLE_IDENTIFIER = tommy.cao.CyyProduct;
				PRODUCT_NAME = "$(TARGET_NAME)";
			};
			name = Debug;
		};
		65EE0D771D2B970900C0B44F /* Release */ = {
			isa = XCBuildConfiguration;
			buildSettings = {
				ASSETCATALOG_COMPILER_APPICON_NAME = AppIcon;
				INFOPLIST_FILE = CyyProduct/Info.plist;
				LD_RUNPATH_SEARCH_PATHS = "$(inherited) @executable_path/Frameworks";
				PRODUCT_BUNDLE_IDENTIFIER = tommy.cao.CyyProduct;
				PRODUCT_NAME = "$(TARGET_NAME)";
			};
			name = Release;
		};
/* End XCBuildConfiguration section */

/* Begin XCConfigurationList section */
		65EE0D591D2B970900C0B44F /* Build configuration list for PBXProject "CyyProduct" */ = {
			isa = XCConfigurationList;
			buildConfigurations = (
				65EE0D731D2B970900C0B44F /* Debug */,
				65EE0D741D2B970900C0B44F /* Release */,
			);
			defaultConfigurationIsVisible = 0;
			defaultConfigurationName = Release;
		};
		65EE0D751D2B970900C0B44F /* Build configuration list for PBXNativeTarget "CyyProduct" */ = {
			isa = XCConfigurationList;
			buildConfigurations = (
				65EE0D761D2B970900C0B44F /* Debug */,
				65EE0D771D2B970900C0B44F /* Release */,
			);
			defaultConfigurationIsVisible = 0;
		};
/* End XCConfigurationList section */
	};
	rootObject = 65EE0D561D2B970900C0B44F /* Project object */;
}
